PATH
  remote: ..
  specs:
    arsi (1.2.0)
      activerecord (>= 7.0, < 7.2)
      mysql2

GEM
  remote: https://rubygems.org/
  specs:
    activemodel (7.1.3.2)
      activesupport (= 7.1.3.2)
    activerecord (7.1.3.2)
      activemodel (= 7.1.3.2)
      activesupport (= 7.1.3.2)
      timeout (>= 0.4.0)
    activesupport (7.1.3.2)
      base64
      bigdecimal
      concurrent-ruby (~> 1.0, >= 1.0.2)
      connection_pool (>= 2.2.5)
      drb
      i18n (>= 1.6, < 2)
      minitest (>= 5.1)
      mutex_m
      tzinfo (~> 2.0)
    base64 (0.2.0)
    bigdecimal (3.1.8)
    bump (0.10.0)
    concurrent-ruby (1.2.3)
    connection_pool (2.4.1)
    drb (2.2.1)
    i18n (1.14.5)
      concurrent-ruby (~> 1.0)
    maxitest (4.5.0)
      minitest (>= 5.0.0, < 5.19.0)
    minitest (5.18.1)
    mocha (2.2.0)
      ruby2_keywords (>= 0.0.5)
    mutex_m (0.2.0)
    mysql2 (0.5.6)
    rake (13.2.1)
    ruby2_keywords (0.0.5)
    single_cov (1.11.0)
    timeout (0.4.1)
    tzinfo (2.0.6)
      concurrent-ruby (~> 1.0)

PLATFORMS
  ruby

DEPENDENCIES
  activerecord (~> 7.1.0)
  arsi!
  bump
  maxitest
  mocha
  rake
  single_cov

BUNDLED WITH
   2.6.9
